{
  "version": 4,
  "terraform_version": "1.12.1",
  "serial": 1,
  "lineage": "6e1d49b6-8d9e-e352-d04c-2bbb2e362bc4",
  "outputs": {},
  "resources": [
    {
      "mode": "managed",
      "type": "local_file",
      "name": "example",
      "provider": "provider[\"registry.terraform.io/hashicorp/local\"]",
      "instances": [
        {
          "schema_version": 0,
          "attributes": {
            "content": "Ini simulasi provisioning infrastruktur dengan Terraform.",
            "content_base64": null,
            "content_base64sha256": "SNdB+2dtCoFyftWZkKqLbBQYGDfXcp6yMArZcm5tGxo=",
            "content_base64sha512": "hJXJeEDN3lOaQeDT45ZGq3VZMKXO0NhhfV6oC4pLOtFmQCwAey7yYb7gaDKTJiUc72Y2ceYmGYmhkskhTz2oTg==",
            "content_md5": "854a7da9709428040e13b39f8a2c51d5",
            "content_sha1": "c8dbb3e1d97af45c7a3d440baed8b2e43a6d8dea",
            "content_sha256": "48d741fb676d0a81727ed59990aa8b6c14181837d7729eb2300ad9726e6d1b1a",
            "content_sha512": "8495c97840cdde539a41e0d3e39646ab755930a5ced0d8617d5ea80b8a4b3ad166402c007b2ef261bee068329326251cef663671e6261989a192c9214f3da84e",
            "directory_permission": "0777",
            "file_permission": "0777",
            "filename": "./output.txt",
            "id": "c8dbb3e1d97af45c7a3d440baed8b2e43a6d8dea",
            "sensitive_content": null,
            "source": null
          },
          "sensitive_attributes": [
            [
              {
                "type": "get_attr",
                "value": "sensitive_content"
              }
            ]
          ],
          "identity_schema_version": 0
        }
      ]
    }
  ],
  "check_results": null
}
